PODS:
  - DYAlertController (0.3)

DEPENDENCIES:
  - DYAlertController (from `~/Documents/Programmieren/Libraries/DYAlertController`)

EXTERNAL SOURCES:
  DYAlertController:
    :path: ~/Documents/Programmieren/Libraries/DYAlertController

SPEC CHECKSUMS:
  DYAlertController: a7a9916ee7ab92a7fffe8a3d78e5555ef4606aef

COCOAPODS: 0.39.0
