PODS:
  - DYAlertController (0.5.1)

DEPENDENCIES:
  - DYAlertController (from `~/Documents/Programmieren/Libraries/DYAlertController`)

EXTERNAL SOURCES:
  DYAlertController:
    :path: ~/Documents/Programmieren/Libraries/DYAlertController

SPEC CHECKSUMS:
  DYAlertController: 72dd675a46be4847c0605a6a85398ff9430f1da4

COCOAPODS: 0.39.0
